# THIS IS AN AUTOGENERATED FILE. DO NOT EDIT THIS FILE DIRECTLY.
# yarn lockfile v1


"@appland/cli@file:../appmap-js/packages/cli":
  "resolved" "file:../appmap-js/packages/cli"
  "version" "1.0.4"
  dependencies:
    "@appland/models" "workspace:*"
    "async" "^3.2.0"
    "chokidar" "^3.5.1"
    "console-table-printer" "^2.9.0"
    "crypto-js" "^4.0.0"
    "diff" "^5.0.0"
    "fs-extra" "^9.1.0"
    "glob" "^7.1.6"
    "js-yaml" "^3.14.1"
    "semver" "^7.3.5"
    "yargs" "^17.0.1"
